
Microsoft Visual Studio Solution File, Format Version 12.00
# Visual Studio Version 17
VisualStudioVersion = 17.0.31903.59
MinimumVisualStudioVersion = 10.0.40219.1
Project("{2150E333-8FDC-42A3-9474-1A3956D46DE8}") = "src", "src", "{827E0CD3-B72D-47B6-A68D-7590B98EB39B}"
EndProject
Project("{FAE04EC0-301F-11D3-BF4B-00C04F79EFBC}") = "MemSrv.Core", "src\MemSrv.Core\MemSrv.Core.csproj", "{68F1E85C-991C-4065-8D5D-8D7386073540}"
EndProject
Project("{FAE04EC0-301F-11D3-BF4B-00C04F79EFBC}") = "MemSrv.Server", "src\MemSrv.Server\MemSrv.Server.csproj", "{EC6B12C0-A178-483A-B330-EE7729F97F86}"
EndProject
Project("{FAE04EC0-301F-11D3-BF4B-00C04F79EFBC}") = "MemCtl", "src\MemCtl\MemCtl.csproj", "{0F526109-7EF4-4A13-9F5F-611012D8F462}"
EndProject
Project("{2150E333-8FDC-42A3-9474-1A3956D46DE8}") = "tests", "tests", "{0AB3BF05-4346-4AA6-1389-037BE0695223}"
EndProject
Project("{FAE04EC0-301F-11D3-BF4B-00C04F79EFBC}") = "MemSrv.Tests", "tests\MemSrv.Tests\MemSrv.Tests.csproj", "{FE844A75-6088-4399-A5E5-4D87648D0DEF}"
EndProject
Global
	GlobalSection(SolutionConfigurationPlatforms) = preSolution
		Debug|Any CPU = Debug|Any CPU
		Debug|x64 = Debug|x64
		Debug|x86 = Debug|x86
		Release|Any CPU = Release|Any CPU
		Release|x64 = Release|x64
		Release|x86 = Release|x86
	EndGlobalSection
	GlobalSection(ProjectConfigurationPlatforms) = postSolution
		{68F1E85C-991C-4065-8D5D-8D7386073540}.Debug|Any CPU.ActiveCfg = Debug|Any CPU
		{68F1E85C-991C-4065-8D5D-8D7386073540}.Debug|Any CPU.Build.0 = Debug|Any CPU
		{68F1E85C-991C-4065-8D5D-8D7386073540}.Debug|x64.ActiveCfg = Debug|Any CPU
		{68F1E85C-991C-4065-8D5D-8D7386073540}.Debug|x64.Build.0 = Debug|Any CPU
		{68F1E85C-991C-4065-8D5D-8D7386073540}.Debug|x86.ActiveCfg = Debug|Any CPU
		{68F1E85C-991C-4065-8D5D-8D7386073540}.Debug|x86.Build.0 = Debug|Any CPU
		{68F1E85C-991C-4065-8D5D-8D7386073540}.Release|Any CPU.ActiveCfg = Release|Any CPU
		{68F1E85C-991C-4065-8D5D-8D7386073540}.Release|Any CPU.Build.0 = Release|Any CPU
		{68F1E85C-991C-4065-8D5D-8D7386073540}.Release|x64.ActiveCfg = Release|Any CPU
		{68F1E85C-991C-4065-8D5D-8D7386073540}.Release|x64.Build.0 = Release|Any CPU
		{68F1E85C-991C-4065-8D5D-8D7386073540}.Release|x86.ActiveCfg = Release|Any CPU
		{68F1E85C-991C-4065-8D5D-8D7386073540}.Release|x86.Build.0 = Release|Any CPU
		{EC6B12C0-A178-483A-B330-EE7729F97F86}.Debug|Any CPU.ActiveCfg = Debug|Any CPU
		{EC6B12C0-A178-483A-B330-EE7729F97F86}.Debug|Any CPU.Build.0 = Debug|Any CPU
		{EC6B12C0-A178-483A-B330-EE7729F97F86}.Debug|x64.ActiveCfg = Debug|Any CPU
		{EC6B12C0-A178-483A-B330-EE7729F97F86}.Debug|x64.Build.0 = Debug|Any CPU
		{EC6B12C0-A178-483A-B330-EE7729F97F86}.Debug|x86.ActiveCfg = Debug|Any CPU
		{EC6B12C0-A178-483A-B330-EE7729F97F86}.Debug|x86.Build.0 = Debug|Any CPU
		{EC6B12C0-A178-483A-B330-EE7729F97F86}.Release|Any CPU.ActiveCfg = Release|Any CPU
		{EC6B12C0-A178-483A-B330-EE7729F97F86}.Release|Any CPU.Build.0 = Release|Any CPU
		{EC6B12C0-A178-483A-B330-EE7729F97F86}.Release|x64.ActiveCfg = Release|Any CPU
		{EC6B12C0-A178-483A-B330-EE7729F97F86}.Release|x64.Build.0 = Release|Any CPU
		{EC6B12C0-A178-483A-B330-EE7729F97F86}.Release|x86.ActiveCfg = Release|Any CPU
		{EC6B12C0-A178-483A-B330-EE7729F97F86}.Release|x86.Build.0 = Release|Any CPU
		{0F526109-7EF4-4A13-9F5F-611012D8F462}.Debug|Any CPU.ActiveCfg = Debug|Any CPU
		{0F526109-7EF4-4A13-9F5F-611012D8F462}.Debug|Any CPU.Build.0 = Debug|Any CPU
		{0F526109-7EF4-4A13-9F5F-611012D8F462}.Debug|x64.ActiveCfg = Debug|Any CPU
		{0F526109-7EF4-4A13-9F5F-611012D8F462}.Debug|x64.Build.0 = Debug|Any CPU
		{0F526109-7EF4-4A13-9F5F-611012D8F462}.Debug|x86.ActiveCfg = Debug|Any CPU
		{0F526109-7EF4-4A13-9F5F-611012D8F462}.Debug|x86.Build.0 = Debug|Any CPU
		{0F526109-7EF4-4A13-9F5F-611012D8F462}.Release|Any CPU.ActiveCfg = Release|Any CPU
		{0F526109-7EF4-4A13-9F5F-611012D8F462}.Release|Any CPU.Build.0 = Release|Any CPU
		{0F526109-7EF4-4A13-9F5F-611012D8F462}.Release|x64.ActiveCfg = Release|Any CPU
		{0F526109-7EF4-4A13-9F5F-611012D8F462}.Release|x64.Build.0 = Release|Any CPU
		{0F526109-7EF4-4A13-9F5F-611012D8F462}.Release|x86.ActiveCfg = Release|Any CPU
		{0F526109-7EF4-4A13-9F5F-611012D8F462}.Release|x86.Build.0 = Release|Any CPU
		{FE844A75-6088-4399-A5E5-4D87648D0DEF}.Debug|Any CPU.ActiveCfg = Debug|Any CPU
		{FE844A75-6088-4399-A5E5-4D87648D0DEF}.Debug|Any CPU.Build.0 = Debug|Any CPU
		{FE844A75-6088-4399-A5E5-4D87648D0DEF}.Debug|x64.ActiveCfg = Debug|Any CPU
		{FE844A75-6088-4399-A5E5-4D87648D0DEF}.Debug|x64.Build.0 = Debug|Any CPU
		{FE844A75-6088-4399-A5E5-4D87648D0DEF}.Debug|x86.ActiveCfg = Debug|Any CPU
		{FE844A75-6088-4399-A5E5-4D87648D0DEF}.Debug|x86.Build.0 = Debug|Any CPU
		{FE844A75-6088-4399-A5E5-4D87648D0DEF}.Release|Any CPU.ActiveCfg = Release|Any CPU
		{FE844A75-6088-4399-A5E5-4D87648D0DEF}.Release|Any CPU.Build.0 = Release|Any CPU
		{FE844A75-6088-4399-A5E5-4D87648D0DEF}.Release|x64.ActiveCfg = Release|Any CPU
		{FE844A75-6088-4399-A5E5-4D87648D0DEF}.Release|x64.Build.0 = Release|Any CPU
		{FE844A75-6088-4399-A5E5-4D87648D0DEF}.Release|x86.ActiveCfg = Release|Any CPU
		{FE844A75-6088-4399-A5E5-4D87648D0DEF}.Release|x86.Build.0 = Release|Any CPU
	EndGlobalSection
	GlobalSection(SolutionProperties) = preSolution
		HideSolutionNode = FALSE
	EndGlobalSection
	GlobalSection(NestedProjects) = preSolution
		{68F1E85C-991C-4065-8D5D-8D7386073540} = {827E0CD3-B72D-47B6-A68D-7590B98EB39B}
		{EC6B12C0-A178-483A-B330-EE7729F97F86} = {827E0CD3-B72D-47B6-A68D-7590B98EB39B}
		{0F526109-7EF4-4A13-9F5F-611012D8F462} = {827E0CD3-B72D-47B6-A68D-7590B98EB39B}
		{FE844A75-6088-4399-A5E5-4D87648D0DEF} = {0AB3BF05-4346-4AA6-1389-037BE0695223}
	EndGlobalSection
EndGlobal
